
Microsoft Visual Studio Solution File, Format Version 12.00
# Visual Studio Version 16
VisualStudioVersion = 16.0.31702.278
MinimumVisualStudioVersion = 10.0.40219.1
Project("{9A19103F-16F7-4668-BE54-9A1E7A4F7556}") = "Cinema.WebApi", "Cinema.WebApi.csproj", "{0CA611B0-35F1-4B03-AE3E-6198369892EF}"
EndProject
Global
	GlobalSection(SolutionConfigurationPlatforms) = preSolution
		Debug|Any CPU = Debug|Any CPU
		Release|Any CPU = Release|Any CPU
	EndGlobalSection
	GlobalSection(ProjectConfigurationPlatforms) = postSolution
		{0CA611B0-35F1-4B03-AE3E-6198369892EF}.Debug|Any CPU.ActiveCfg = Debug|Any CPU
		{0CA611B0-35F1-4B03-AE3E-6198369892EF}.Debug|Any CPU.Build.0 = Debug|Any CPU
		{0CA611B0-35F1-4B03-AE3E-6198369892EF}.Release|Any CPU.ActiveCfg = Release|Any CPU
		{0CA611B0-35F1-4B03-AE3E-6198369892EF}.Release|Any CPU.Build.0 = Release|Any CPU
	EndGlobalSection
	GlobalSection(SolutionProperties) = preSolution
		HideSolutionNode = FALSE
	EndGlobalSection
	GlobalSection(ExtensibilityGlobals) = postSolution
		SolutionGuid = {DE4B8F65-EAF2-4914-9A89-BF21366B042C}
	EndGlobalSection
EndGlobal
